
Microsoft Visual Studio Solution File, Format Version 12.00
# Visual Studio Version 17
VisualStudioVersion = 17.0.31903.59
MinimumVisualStudioVersion = 10.0.40219.1
Project("{2150E333-8FDC-42A3-9474-1A3956D46DE8}") = "Solution Items", "Solution Items", "{C8A5F967-F46B-48D7-9E25-8799320C2F9C}"
	ProjectSection(SolutionItems) = preProject
		.gitignore = .gitignore
		.gitmodules = .gitmodules
		README.md = README.md
		.docker-compose\docker-compose.yaml = .docker-compose\docker-compose.yaml
	EndProjectSection
EndProject
Project("{2150E333-8FDC-42A3-9474-1A3956D46DE8}") = "Submodules", "Submodules", "{1F2E46CB-3305-404D-8B70-D0EF6763D44F}"
EndProject
Project("{6EC3EE1D-3C4E-46DD-8F32-0CC8E7565705}") = "fsharp-infrastructure", "submodules\fsharp-infrastructure\src\fsharp-infrastructure.fsproj", "{83C61746-FC1D-4FDF-BA1A-F2DF1E9B7F73}"
EndProject
Project("{6EC3EE1D-3C4E-46DD-8F32-0CC8E7565705}") = "fsharp-persistence", "submodules\fsharp-persistence\src\fsharp-persistence.fsproj", "{2E157B25-AB55-4E0B-9D91-3134109DA1B7}"
EndProject
Project("{6EC3EE1D-3C4E-46DD-8F32-0CC8E7565705}") = "fsharp-worker", "submodules\fsharp-worker\src\fsharp-worker.fsproj", "{BFB9BBD0-55A7-4F8E-8640-A996F02C8ADC}"
EndProject
Project("{6EC3EE1D-3C4E-46DD-8F32-0CC8E7565705}") = "fsharp-web", "submodules\fsharp-web\src\fsharp-web.fsproj", "{B6222822-F5B1-45A9-BAB3-B3C07C65C237}"
EndProject
Project("{2150E333-8FDC-42A3-9474-1A3956D46DE8}") = "Modules", "Modules", "{411B90B9-5353-47DD-A57E-345FC1C3E834}"
EndProject
Project("{F2A71F9B-5D33-465A-A702-920D77279786}") = "embassy-access-modules-russian", "src\embassy-access-modules\embassy-access-modules-russian\embassy-access-modules-russian.fsproj", "{12F3F74F-2061-4B3F-AD33-576E719DD365}"
EndProject
Project("{2150E333-8FDC-42A3-9474-1A3956D46DE8}") = "Tests", "Tests", "{B66C4DC6-74D0-4BD4-8BC5-748594619096}"
EndProject
Project("{6EC3EE1D-3C4E-46DD-8F32-0CC8E7565705}") = "embassy-access-tests", "tests\embassy-access-tests.fsproj", "{6AD5FD34-008C-47E8-99F1-15A3FE7BA0C6}"
EndProject
Project("{6EC3EE1D-3C4E-46DD-8F32-0CC8E7565705}") = "embassy-access-core", "src\embassy-access-core\embassy-access-core.fsproj", "{EAA58D38-B031-4CAD-BAA8-8560E8013E7C}"
EndProject
Project("{6EC3EE1D-3C4E-46DD-8F32-0CC8E7565705}") = "embassy-access-telegram", "src\embassy-access-telegram\embassy-access-telegram.fsproj", "{CCA691D2-B3A9-422C-BA17-6FB0424976C1}"
EndProject
Project("{6EC3EE1D-3C4E-46DD-8F32-0CC8E7565705}") = "embassy-access-worker", "src\embassy-access-worker\embassy-access-worker.fsproj", "{45F26EBC-BE22-4C6E-B27A-8D4212826E33}"
EndProject
Global
	GlobalSection(SolutionConfigurationPlatforms) = preSolution
		Debug|Any CPU = Debug|Any CPU
		Release|Any CPU = Release|Any CPU
	EndGlobalSection
	GlobalSection(ProjectConfigurationPlatforms) = postSolution
		{83C61746-FC1D-4FDF-BA1A-F2DF1E9B7F73}.Debug|Any CPU.ActiveCfg = Debug|Any CPU
		{83C61746-FC1D-4FDF-BA1A-F2DF1E9B7F73}.Debug|Any CPU.Build.0 = Debug|Any CPU
		{83C61746-FC1D-4FDF-BA1A-F2DF1E9B7F73}.Release|Any CPU.ActiveCfg = Release|Any CPU
		{83C61746-FC1D-4FDF-BA1A-F2DF1E9B7F73}.Release|Any CPU.Build.0 = Release|Any CPU
		{2E157B25-AB55-4E0B-9D91-3134109DA1B7}.Debug|Any CPU.ActiveCfg = Debug|Any CPU
		{2E157B25-AB55-4E0B-9D91-3134109DA1B7}.Debug|Any CPU.Build.0 = Debug|Any CPU
		{2E157B25-AB55-4E0B-9D91-3134109DA1B7}.Release|Any CPU.ActiveCfg = Release|Any CPU
		{2E157B25-AB55-4E0B-9D91-3134109DA1B7}.Release|Any CPU.Build.0 = Release|Any CPU
		{BFB9BBD0-55A7-4F8E-8640-A996F02C8ADC}.Debug|Any CPU.ActiveCfg = Debug|Any CPU
		{BFB9BBD0-55A7-4F8E-8640-A996F02C8ADC}.Debug|Any CPU.Build.0 = Debug|Any CPU
		{BFB9BBD0-55A7-4F8E-8640-A996F02C8ADC}.Release|Any CPU.ActiveCfg = Release|Any CPU
		{BFB9BBD0-55A7-4F8E-8640-A996F02C8ADC}.Release|Any CPU.Build.0 = Release|Any CPU
		{B6222822-F5B1-45A9-BAB3-B3C07C65C237}.Debug|Any CPU.ActiveCfg = Debug|Any CPU
		{B6222822-F5B1-45A9-BAB3-B3C07C65C237}.Debug|Any CPU.Build.0 = Debug|Any CPU
		{B6222822-F5B1-45A9-BAB3-B3C07C65C237}.Release|Any CPU.ActiveCfg = Release|Any CPU
		{B6222822-F5B1-45A9-BAB3-B3C07C65C237}.Release|Any CPU.Build.0 = Release|Any CPU
		{EAA58D38-B031-4CAD-BAA8-8560E8013E7C}.Debug|Any CPU.ActiveCfg = Debug|Any CPU
		{EAA58D38-B031-4CAD-BAA8-8560E8013E7C}.Debug|Any CPU.Build.0 = Debug|Any CPU
		{EAA58D38-B031-4CAD-BAA8-8560E8013E7C}.Release|Any CPU.ActiveCfg = Release|Any CPU
		{EAA58D38-B031-4CAD-BAA8-8560E8013E7C}.Release|Any CPU.Build.0 = Release|Any CPU
		{45F26EBC-BE22-4C6E-B27A-8D4212826E33}.Debug|Any CPU.ActiveCfg = Debug|Any CPU
		{45F26EBC-BE22-4C6E-B27A-8D4212826E33}.Debug|Any CPU.Build.0 = Debug|Any CPU
		{45F26EBC-BE22-4C6E-B27A-8D4212826E33}.Release|Any CPU.ActiveCfg = Release|Any CPU
		{45F26EBC-BE22-4C6E-B27A-8D4212826E33}.Release|Any CPU.Build.0 = Release|Any CPU
		{6AD5FD34-008C-47E8-99F1-15A3FE7BA0C6}.Debug|Any CPU.ActiveCfg = Debug|Any CPU
		{6AD5FD34-008C-47E8-99F1-15A3FE7BA0C6}.Debug|Any CPU.Build.0 = Debug|Any CPU
		{6AD5FD34-008C-47E8-99F1-15A3FE7BA0C6}.Release|Any CPU.ActiveCfg = Release|Any CPU
		{6AD5FD34-008C-47E8-99F1-15A3FE7BA0C6}.Release|Any CPU.Build.0 = Release|Any CPU
		{CCA691D2-B3A9-422C-BA17-6FB0424976C1}.Debug|Any CPU.ActiveCfg = Debug|Any CPU
		{CCA691D2-B3A9-422C-BA17-6FB0424976C1}.Debug|Any CPU.Build.0 = Debug|Any CPU
		{CCA691D2-B3A9-422C-BA17-6FB0424976C1}.Release|Any CPU.ActiveCfg = Release|Any CPU
		{CCA691D2-B3A9-422C-BA17-6FB0424976C1}.Release|Any CPU.Build.0 = Release|Any CPU
		{12F3F74F-2061-4B3F-AD33-576E719DD365}.Debug|Any CPU.ActiveCfg = Debug|Any CPU
		{12F3F74F-2061-4B3F-AD33-576E719DD365}.Debug|Any CPU.Build.0 = Debug|Any CPU
		{12F3F74F-2061-4B3F-AD33-576E719DD365}.Release|Any CPU.ActiveCfg = Release|Any CPU
		{12F3F74F-2061-4B3F-AD33-576E719DD365}.Release|Any CPU.Build.0 = Release|Any CPU
	EndGlobalSection
	GlobalSection(SolutionProperties) = preSolution
		HideSolutionNode = FALSE
	EndGlobalSection
	GlobalSection(NestedProjects) = preSolution
		{83C61746-FC1D-4FDF-BA1A-F2DF1E9B7F73} = {1F2E46CB-3305-404D-8B70-D0EF6763D44F}
		{2E157B25-AB55-4E0B-9D91-3134109DA1B7} = {1F2E46CB-3305-404D-8B70-D0EF6763D44F}
		{BFB9BBD0-55A7-4F8E-8640-A996F02C8ADC} = {1F2E46CB-3305-404D-8B70-D0EF6763D44F}
		{B6222822-F5B1-45A9-BAB3-B3C07C65C237} = {1F2E46CB-3305-404D-8B70-D0EF6763D44F}
		{6AD5FD34-008C-47E8-99F1-15A3FE7BA0C6} = {B66C4DC6-74D0-4BD4-8BC5-748594619096}
		{12F3F74F-2061-4B3F-AD33-576E719DD365} = {411B90B9-5353-47DD-A57E-345FC1C3E834}
	EndGlobalSection
	GlobalSection(ExtensibilityGlobals) = postSolution
		SolutionGuid = {4AF520CC-E867-48B2-8CD7-256E3CF27B92}
	EndGlobalSection
EndGlobal
