<Solution>
  <Folder Name="/assets/">
    <File Path="README.md" />
    <File Path=".editorconfig" />
    <File Path=".gitmodules" />
    <File Path=".gitignore" />
    <File Path=".devops/docker-compose.yaml" />
  </Folder>
  <Folder Name="/modules/">
    <Project Path="src/embassy-access-modules/embassy-access-russian-tests/embassy-access-russian-tests.fsproj" />
    <Project Path="src/embassy-access-modules/embassy-access-russian/embassy-access-russian.fsproj" />
  </Folder>
  <Folder Name="/submodules/">
    <Project Path="submodules/fsharp-ai-provider/src/fsharp-ai-provider.fsproj" />
    <Project Path="submodules/fsharp-infrastructure/src/fsharp-infrastructure.fsproj" />
    <Project Path="submodules/fsharp-persistence/src/fsharp-persistence.fsproj" />
    <Project Path="submodules/fsharp-web/src/fsharp-web.fsproj" />
    <Project Path="submodules/fsharp-worker/src/fsharp-worker.fsproj" />
  </Folder>
  <Project Path="src/embassy-access-core/embassy-access-core.fsproj" />
  <Project Path="src/embassy-access-telegram/embassy-access-telegram.fsproj" />
  <Project Path="src/embassy-access-worker/embassy-access-worker.fsproj" />
</Solution>