
Microsoft Visual Studio Solution File, Format Version 12.00
# Visual Studio Version 17
VisualStudioVersion = 17.0.31903.59
MinimumVisualStudioVersion = 10.0.40219.1
Project("{2150E333-8FDC-42A3-9474-1A3956D46DE8}") = "Submodules", "Submodules", "{1F2E46CB-3305-404D-8B70-D0EF6763D44F}"
EndProject
Project("{6EC3EE1D-3C4E-46DD-8F32-0CC8E7565705}") = "fsharp-infrastructure", "submodules\fsharp-infrastructure\src\fsharp-infrastructure.fsproj", "{83C61746-FC1D-4FDF-BA1A-F2DF1E9B7F73}"
EndProject
Project("{6EC3EE1D-3C4E-46DD-8F32-0CC8E7565705}") = "fsharp-persistence", "submodules\fsharp-persistence\src\fsharp-persistence.fsproj", "{2E157B25-AB55-4E0B-9D91-3134109DA1B7}"
EndProject
Project("{6EC3EE1D-3C4E-46DD-8F32-0CC8E7565705}") = "fsharp-worker", "submodules\fsharp-worker\src\fsharp-worker.fsproj", "{BFB9BBD0-55A7-4F8E-8640-A996F02C8ADC}"
EndProject
Project("{6EC3EE1D-3C4E-46DD-8F32-0CC8E7565705}") = "fsharp-web", "submodules\fsharp-web\src\fsharp-web.fsproj", "{B6222822-F5B1-45A9-BAB3-B3C07C65C237}"
EndProject
Project("{6EC3EE1D-3C4E-46DD-8F32-0CC8E7565705}") = "kdmid-scheduler-core", "src\kdmid-scheduler-core\kdmid-scheduler-core.fsproj", "{9C487AA6-FFDD-4183-BCB3-3045E5C9CA35}"
EndProject
Project("{6EC3EE1D-3C4E-46DD-8F32-0CC8E7565705}") = "kdmid-scheduler-webapi", "src\kdmid-scheduler-webapi\kdmid-scheduler-webapi.fsproj", "{2C24EF13-F003-42A3-96CB-7C0A47A0BB2F}"
EndProject
Project("{6EC3EE1D-3C4E-46DD-8F32-0CC8E7565705}") = "kdmid-scheduler-worker", "src\kdmid-scheduler-worker\kdmid-scheduler-worker.fsproj", "{CB4DF5E6-43FE-418B-B8BB-ED9614726309}"
EndProject
Global
	GlobalSection(SolutionConfigurationPlatforms) = preSolution
		Debug|Any CPU = Debug|Any CPU
		Release|Any CPU = Release|Any CPU
	EndGlobalSection
	GlobalSection(ProjectConfigurationPlatforms) = postSolution
		{BFB9BBD0-55A7-4F8E-8640-A996F02C8ADC}.Debug|Any CPU.ActiveCfg = Debug|Any CPU
		{BFB9BBD0-55A7-4F8E-8640-A996F02C8ADC}.Debug|Any CPU.Build.0 = Debug|Any CPU
		{BFB9BBD0-55A7-4F8E-8640-A996F02C8ADC}.Release|Any CPU.ActiveCfg = Release|Any CPU
		{BFB9BBD0-55A7-4F8E-8640-A996F02C8ADC}.Release|Any CPU.Build.0 = Release|Any CPU
		{B6222822-F5B1-45A9-BAB3-B3C07C65C237}.Debug|Any CPU.ActiveCfg = Debug|Any CPU
		{B6222822-F5B1-45A9-BAB3-B3C07C65C237}.Debug|Any CPU.Build.0 = Debug|Any CPU
		{B6222822-F5B1-45A9-BAB3-B3C07C65C237}.Release|Any CPU.ActiveCfg = Release|Any CPU
		{B6222822-F5B1-45A9-BAB3-B3C07C65C237}.Release|Any CPU.Build.0 = Release|Any CPU
		{2E157B25-AB55-4E0B-9D91-3134109DA1B7}.Debug|Any CPU.ActiveCfg = Debug|Any CPU
		{2E157B25-AB55-4E0B-9D91-3134109DA1B7}.Debug|Any CPU.Build.0 = Debug|Any CPU
		{2E157B25-AB55-4E0B-9D91-3134109DA1B7}.Release|Any CPU.ActiveCfg = Release|Any CPU
		{2E157B25-AB55-4E0B-9D91-3134109DA1B7}.Release|Any CPU.Build.0 = Release|Any CPU
		{83C61746-FC1D-4FDF-BA1A-F2DF1E9B7F73}.Debug|Any CPU.ActiveCfg = Debug|Any CPU
		{83C61746-FC1D-4FDF-BA1A-F2DF1E9B7F73}.Debug|Any CPU.Build.0 = Debug|Any CPU
		{83C61746-FC1D-4FDF-BA1A-F2DF1E9B7F73}.Release|Any CPU.ActiveCfg = Release|Any CPU
		{83C61746-FC1D-4FDF-BA1A-F2DF1E9B7F73}.Release|Any CPU.Build.0 = Release|Any CPU
		{2C24EF13-F003-42A3-96CB-7C0A47A0BB2F}.Debug|Any CPU.ActiveCfg = Debug|Any CPU
		{2C24EF13-F003-42A3-96CB-7C0A47A0BB2F}.Debug|Any CPU.Build.0 = Debug|Any CPU
		{2C24EF13-F003-42A3-96CB-7C0A47A0BB2F}.Release|Any CPU.ActiveCfg = Release|Any CPU
		{2C24EF13-F003-42A3-96CB-7C0A47A0BB2F}.Release|Any CPU.Build.0 = Release|Any CPU
		{CB4DF5E6-43FE-418B-B8BB-ED9614726309}.Debug|Any CPU.ActiveCfg = Debug|Any CPU
		{CB4DF5E6-43FE-418B-B8BB-ED9614726309}.Debug|Any CPU.Build.0 = Debug|Any CPU
		{CB4DF5E6-43FE-418B-B8BB-ED9614726309}.Release|Any CPU.ActiveCfg = Release|Any CPU
		{CB4DF5E6-43FE-418B-B8BB-ED9614726309}.Release|Any CPU.Build.0 = Release|Any CPU
		{9C487AA6-FFDD-4183-BCB3-3045E5C9CA35}.Debug|Any CPU.ActiveCfg = Debug|Any CPU
		{9C487AA6-FFDD-4183-BCB3-3045E5C9CA35}.Debug|Any CPU.Build.0 = Debug|Any CPU
		{9C487AA6-FFDD-4183-BCB3-3045E5C9CA35}.Release|Any CPU.ActiveCfg = Release|Any CPU
		{9C487AA6-FFDD-4183-BCB3-3045E5C9CA35}.Release|Any CPU.Build.0 = Release|Any CPU
	EndGlobalSection
	GlobalSection(SolutionProperties) = preSolution
		HideSolutionNode = FALSE
	EndGlobalSection
	GlobalSection(NestedProjects) = preSolution
		{BFB9BBD0-55A7-4F8E-8640-A996F02C8ADC} = {1F2E46CB-3305-404D-8B70-D0EF6763D44F}
		{B6222822-F5B1-45A9-BAB3-B3C07C65C237} = {1F2E46CB-3305-404D-8B70-D0EF6763D44F}
		{2E157B25-AB55-4E0B-9D91-3134109DA1B7} = {1F2E46CB-3305-404D-8B70-D0EF6763D44F}
		{83C61746-FC1D-4FDF-BA1A-F2DF1E9B7F73} = {1F2E46CB-3305-404D-8B70-D0EF6763D44F}
	EndGlobalSection
	GlobalSection(ExtensibilityGlobals) = postSolution
		SolutionGuid = {4AF520CC-E867-48B2-8CD7-256E3CF27B92}
	EndGlobalSection
EndGlobal
